
Microsoft Visual Studio Solution File, Format Version 12.00
# Visual Studio Version 17
VisualStudioVersion = 17.6.33723.286
MinimumVisualStudioVersion = 10.0.40219.1
Project("{FAE04EC0-301F-11D3-BF4B-00C04F79EFBC}") = "DataParserGovInstitutions", "DataParserGovInstitutions\DataParserGovInstitutions.csproj", "{B4FA429D-241B-4BB2-A86A-2DC42136CE74}"
EndProject
Project("{FAE04EC0-301F-11D3-BF4B-00C04F79EFBC}") = "DataParserGovInstitutionsTests", "DataParserGovInstitutionsTests\DataParserGovInstitutionsTests.csproj", "{A4DD53EF-6B9A-419C-8D30-D1A88B603242}"
EndProject
Global
	GlobalSection(SolutionConfigurationPlatforms) = preSolution
		Debug|Any CPU = Debug|Any CPU
		Release|Any CPU = Release|Any CPU
	EndGlobalSection
	GlobalSection(ProjectConfigurationPlatforms) = postSolution
		{B4FA429D-241B-4BB2-A86A-2DC42136CE74}.Debug|Any CPU.ActiveCfg = Debug|Any CPU
		{B4FA429D-241B-4BB2-A86A-2DC42136CE74}.Debug|Any CPU.Build.0 = Debug|Any CPU
		{B4FA429D-241B-4BB2-A86A-2DC42136CE74}.Release|Any CPU.ActiveCfg = Release|Any CPU
		{B4FA429D-241B-4BB2-A86A-2DC42136CE74}.Release|Any CPU.Build.0 = Release|Any CPU
		{A4DD53EF-6B9A-419C-8D30-D1A88B603242}.Debug|Any CPU.ActiveCfg = Debug|Any CPU
		{A4DD53EF-6B9A-419C-8D30-D1A88B603242}.Debug|Any CPU.Build.0 = Debug|Any CPU
		{A4DD53EF-6B9A-419C-8D30-D1A88B603242}.Release|Any CPU.ActiveCfg = Release|Any CPU
		{A4DD53EF-6B9A-419C-8D30-D1A88B603242}.Release|Any CPU.Build.0 = Release|Any CPU
	EndGlobalSection
	GlobalSection(SolutionProperties) = preSolution
		HideSolutionNode = FALSE
	EndGlobalSection
	GlobalSection(ExtensibilityGlobals) = postSolution
		SolutionGuid = {EC339CF5-2010-401A-88B3-3A11FF9E6C55}
	EndGlobalSection
EndGlobal
